
Microsoft Visual Studio Solution File, Format Version 12.00
# Visual Studio 15
VisualStudioVersion = 15.0.28307.645
MinimumVisualStudioVersion = 10.0.40219.1
Project("{2150E333-8FDC-42A3-9474-1A3956D46DE8}") = "MicroServices", "MicroServices", "{DCF3B19E-35FF-4D42-84D4-52CE20D2DEA0}"
EndProject
Project("{2150E333-8FDC-42A3-9474-1A3956D46DE8}") = "Domain", "Domain", "{2959248D-FDB0-4E27-850F-D07E01E70DAF}"
EndProject
Project("{2150E333-8FDC-42A3-9474-1A3956D46DE8}") = "Infra.Bus", "Infra.Bus", "{5029B3A7-D88A-4B0E-99B4-489E51B92337}"
EndProject
Project("{2150E333-8FDC-42A3-9474-1A3956D46DE8}") = "Infra.Ioc", "Infra.Ioc", "{8E38AF34-AF23-4BCB-BAB8-7C5E59D3D84F}"
EndProject
Project("{2150E333-8FDC-42A3-9474-1A3956D46DE8}") = "Presentation", "Presentation", "{0D07BE34-2661-4DCE-B576-A696B904669C}"
EndProject
Project("{9A19103F-16F7-4668-BE54-9A1E7A4F7556}") = "MicroServicesRabbit.Domain.Core", "MicroServicesRabbit.Domain.Core\MicroServicesRabbit.Domain.Core.csproj", "{443E1000-44B3-43A2-A883-B7D666AFB758}"
EndProject
Project("{9A19103F-16F7-4668-BE54-9A1E7A4F7556}") = "MicroRabbit.Infra.Bus", "MicroRabbit.Infra.Bus\MicroRabbit.Infra.Bus.csproj", "{F7E11FCC-C0D6-4C37-8B7D-80620AC73F4E}"
EndProject
Project("{9A19103F-16F7-4668-BE54-9A1E7A4F7556}") = "MicroRabbit.Infra.Ioc", "MicroRabbit.Infra.Ioc\MicroRabbit.Infra.Ioc.csproj", "{8E6723C3-E172-4E8B-BC2C-3BB3250FA8B3}"
EndProject
Project("{2150E333-8FDC-42A3-9474-1A3956D46DE8}") = "Banking", "Banking", "{930A7EB4-D200-48C1-BF97-C36DBDCC3816}"
EndProject
Project("{2150E333-8FDC-42A3-9474-1A3956D46DE8}") = "Api", "Api", "{B203ADBD-AA48-4583-9033-4560623B9AFE}"
EndProject
Project("{2150E333-8FDC-42A3-9474-1A3956D46DE8}") = "Domain", "Domain", "{5B853C88-6EC2-4E96-B584-B263A0557FCA}"
EndProject
Project("{2150E333-8FDC-42A3-9474-1A3956D46DE8}") = "Application", "Application", "{74343B1E-347A-4992-BEEB-84A109AB0D1E}"
EndProject
Project("{2150E333-8FDC-42A3-9474-1A3956D46DE8}") = "Data", "Data", "{D8437E87-E79D-42C2-BC57-027D6CDE6AE1}"
EndProject
Project("{9A19103F-16F7-4668-BE54-9A1E7A4F7556}") = "MicroRabbit.Banking.Api", "MicroRabbit.Banking.Api\MicroRabbit.Banking.Api.csproj", "{1094D7F5-3935-4C63-84AB-4025E5D00D5F}"
EndProject
Project("{9A19103F-16F7-4668-BE54-9A1E7A4F7556}") = "MicroRabbit.Banking.Application", "MicroRabbit.Banking.Application\MicroRabbit.Banking.Application.csproj", "{6545C040-F05C-48CA-8079-3861D176EFA3}"
EndProject
Project("{9A19103F-16F7-4668-BE54-9A1E7A4F7556}") = "MicroRabbit.Banking.Data", "MicroRabbit.Banking.Data\MicroRabbit.Banking.Data.csproj", "{B9F7FA1B-8922-4A4A-BB5B-B12D18E26F7E}"
EndProject
Project("{9A19103F-16F7-4668-BE54-9A1E7A4F7556}") = "MicroRabbit.Banking.Domain", "MicroRabbit.Banking.Domain\MicroRabbit.Banking.Domain.csproj", "{0D852CD1-0EE4-4CBB-89AE-BA010AE11E3F}"
EndProject
Global
	GlobalSection(SolutionConfigurationPlatforms) = preSolution
		Debug|Any CPU = Debug|Any CPU
		Release|Any CPU = Release|Any CPU
	EndGlobalSection
	GlobalSection(ProjectConfigurationPlatforms) = postSolution
		{443E1000-44B3-43A2-A883-B7D666AFB758}.Debug|Any CPU.ActiveCfg = Debug|Any CPU
		{443E1000-44B3-43A2-A883-B7D666AFB758}.Debug|Any CPU.Build.0 = Debug|Any CPU
		{443E1000-44B3-43A2-A883-B7D666AFB758}.Release|Any CPU.ActiveCfg = Release|Any CPU
		{443E1000-44B3-43A2-A883-B7D666AFB758}.Release|Any CPU.Build.0 = Release|Any CPU
		{F7E11FCC-C0D6-4C37-8B7D-80620AC73F4E}.Debug|Any CPU.ActiveCfg = Debug|Any CPU
		{F7E11FCC-C0D6-4C37-8B7D-80620AC73F4E}.Debug|Any CPU.Build.0 = Debug|Any CPU
		{F7E11FCC-C0D6-4C37-8B7D-80620AC73F4E}.Release|Any CPU.ActiveCfg = Release|Any CPU
		{F7E11FCC-C0D6-4C37-8B7D-80620AC73F4E}.Release|Any CPU.Build.0 = Release|Any CPU
		{8E6723C3-E172-4E8B-BC2C-3BB3250FA8B3}.Debug|Any CPU.ActiveCfg = Debug|Any CPU
		{8E6723C3-E172-4E8B-BC2C-3BB3250FA8B3}.Debug|Any CPU.Build.0 = Debug|Any CPU
		{8E6723C3-E172-4E8B-BC2C-3BB3250FA8B3}.Release|Any CPU.ActiveCfg = Release|Any CPU
		{8E6723C3-E172-4E8B-BC2C-3BB3250FA8B3}.Release|Any CPU.Build.0 = Release|Any CPU
		{1094D7F5-3935-4C63-84AB-4025E5D00D5F}.Debug|Any CPU.ActiveCfg = Debug|Any CPU
		{1094D7F5-3935-4C63-84AB-4025E5D00D5F}.Debug|Any CPU.Build.0 = Debug|Any CPU
		{1094D7F5-3935-4C63-84AB-4025E5D00D5F}.Release|Any CPU.ActiveCfg = Release|Any CPU
		{1094D7F5-3935-4C63-84AB-4025E5D00D5F}.Release|Any CPU.Build.0 = Release|Any CPU
		{6545C040-F05C-48CA-8079-3861D176EFA3}.Debug|Any CPU.ActiveCfg = Debug|Any CPU
		{6545C040-F05C-48CA-8079-3861D176EFA3}.Debug|Any CPU.Build.0 = Debug|Any CPU
		{6545C040-F05C-48CA-8079-3861D176EFA3}.Release|Any CPU.ActiveCfg = Release|Any CPU
		{6545C040-F05C-48CA-8079-3861D176EFA3}.Release|Any CPU.Build.0 = Release|Any CPU
		{B9F7FA1B-8922-4A4A-BB5B-B12D18E26F7E}.Debug|Any CPU.ActiveCfg = Debug|Any CPU
		{B9F7FA1B-8922-4A4A-BB5B-B12D18E26F7E}.Debug|Any CPU.Build.0 = Debug|Any CPU
		{B9F7FA1B-8922-4A4A-BB5B-B12D18E26F7E}.Release|Any CPU.ActiveCfg = Release|Any CPU
		{B9F7FA1B-8922-4A4A-BB5B-B12D18E26F7E}.Release|Any CPU.Build.0 = Release|Any CPU
		{0D852CD1-0EE4-4CBB-89AE-BA010AE11E3F}.Debug|Any CPU.ActiveCfg = Debug|Any CPU
		{0D852CD1-0EE4-4CBB-89AE-BA010AE11E3F}.Debug|Any CPU.Build.0 = Debug|Any CPU
		{0D852CD1-0EE4-4CBB-89AE-BA010AE11E3F}.Release|Any CPU.ActiveCfg = Release|Any CPU
		{0D852CD1-0EE4-4CBB-89AE-BA010AE11E3F}.Release|Any CPU.Build.0 = Release|Any CPU
	EndGlobalSection
	GlobalSection(SolutionProperties) = preSolution
		HideSolutionNode = FALSE
	EndGlobalSection
	GlobalSection(NestedProjects) = preSolution
		{443E1000-44B3-43A2-A883-B7D666AFB758} = {2959248D-FDB0-4E27-850F-D07E01E70DAF}
		{F7E11FCC-C0D6-4C37-8B7D-80620AC73F4E} = {5029B3A7-D88A-4B0E-99B4-489E51B92337}
		{8E6723C3-E172-4E8B-BC2C-3BB3250FA8B3} = {8E38AF34-AF23-4BCB-BAB8-7C5E59D3D84F}
		{930A7EB4-D200-48C1-BF97-C36DBDCC3816} = {DCF3B19E-35FF-4D42-84D4-52CE20D2DEA0}
		{B203ADBD-AA48-4583-9033-4560623B9AFE} = {930A7EB4-D200-48C1-BF97-C36DBDCC3816}
		{5B853C88-6EC2-4E96-B584-B263A0557FCA} = {930A7EB4-D200-48C1-BF97-C36DBDCC3816}
		{74343B1E-347A-4992-BEEB-84A109AB0D1E} = {930A7EB4-D200-48C1-BF97-C36DBDCC3816}
		{D8437E87-E79D-42C2-BC57-027D6CDE6AE1} = {930A7EB4-D200-48C1-BF97-C36DBDCC3816}
		{1094D7F5-3935-4C63-84AB-4025E5D00D5F} = {B203ADBD-AA48-4583-9033-4560623B9AFE}
		{6545C040-F05C-48CA-8079-3861D176EFA3} = {74343B1E-347A-4992-BEEB-84A109AB0D1E}
		{B9F7FA1B-8922-4A4A-BB5B-B12D18E26F7E} = {D8437E87-E79D-42C2-BC57-027D6CDE6AE1}
		{0D852CD1-0EE4-4CBB-89AE-BA010AE11E3F} = {5B853C88-6EC2-4E96-B584-B263A0557FCA}
	EndGlobalSection
	GlobalSection(ExtensibilityGlobals) = postSolution
		SolutionGuid = {9349064F-A0A5-4CF6-9A88-478518311F10}
	EndGlobalSection
EndGlobal
